# This file is automatically @generated by Cargo.
# It is not intended for manual editing.
version = 3

[[package]]
name = "day5"
version = "0.1.0"
dependencies = [
 "is_sorted",
 "queue",
]

[[package]]
name = "is_sorted"
version = "0.1.1"
source = "registry+https://github.com/rust-lang/crates.io-index"
checksum = "357376465c37db3372ef6a00585d336ed3d0f11d4345eef77ebcb05865392b21"

[[package]]
name = "queue"
version = "0.3.1"
source = "registry+https://github.com/rust-lang/crates.io-index"
checksum = "6ff7e7fd62294a081720771513c1c1c995468a5d4e771a2928e423b88682ce48"
